<?xml version="1.0" encoding="utf-8"?>
<Project ToolsVersion="4.0" xmlns="http://schemas.microsoft.com/developer/msbuild/2003">
  <ItemGroup>
    <Filter Include="Source Files">
      <UniqueIdentifier>{4FC737F1-C7A5-4376-A066-2A32D752A2FF}</UniqueIdentifier>
      <Extensions>cpp;c;cc;cxx;def;odl;idl;hpj;bat;asm;asmx</Extensions>
    </Filter>
    <Filter Include="Header Files">
      <UniqueIdentifier>{93995380-89BD-4b04-88EB-625FBE52EBFB}</UniqueIdentifier>
      <Extensions>h;hh;hpp;hxx;hm;inl;inc;xsd</Extensions>
    </Filter>
    <Filter Include="Shaders">
      <UniqueIdentifier>{67DA6AB6-F800-4c08-8B7A-83BB121AAD01}</UniqueIdentifier>
      <Extensions>rc;ico;cur;bmp;dlg;rc2;rct;bin;rgs;gif;jpg;jpeg;jpe;resx;tiff;tif;png;wav;mfcribbon-ms</Extensions>
    </Filter>
    <Filter Include="Resources">
      <UniqueIdentifier>{7ad50738-0a7d-463f-b317-22bad91b9701}</UniqueIdentifier>
    </Filter>
    <Filter Include="Resources\Textures">
      <UniqueIdentifier>{0935a938-0548-424b-94f1-62bad411e9cf}</UniqueIdentifier>
    </Filter>
    <Filter Include="Resources\Models">
      <UniqueIdentifier>{82858753-22ce-4116-a0d9-4f3550fceba8}</UniqueIdentifier>
    </Filter>
    <Filter Include="Shaders\spv files">
      <UniqueIdentifier>{f9e08f1a-04a1-4f34-a089-3389f8205353}</UniqueIdentifier>
    </Filter>
    <Filter Include="Resources\Textures\Skybox">
      <UniqueIdentifier>{80e135f9-130b-4689-bbbb-aa23ae0dc389}</UniqueIdentifier>
    </Filter>
    <Filter Include="Resources\Textures\LowPolyTerrainTextures">
      <UniqueIdentifier>{30f86005-b5bd-436f-91db-34e06ece7af2}</UniqueIdentifier>
    </Filter>
    <Filter Include="Resources\Textures\TerrainTextures">
      <UniqueIdentifier>{2f5a66ee-30eb-4036-802e-defcdc3efe83}</UniqueIdentifier>
    </Filter>
    <Filter Include="Header Files\core">
      <UniqueIdentifier>{9b1c6537-afcf-42c0-802c-5c083ef4cd73}</UniqueIdentifier>
    </Filter>
    <Filter Include="Header Files\vulkan">
      <UniqueIdentifier>{87cefc68-7968-406e-9a29-7a6a55de94fb}</UniqueIdentifier>
    </Filter>
    <Filter Include="Source Files\core">
      <UniqueIdentifier>{a18769c4-95d0-4395-834c-00556823fd97}</UniqueIdentifier>
    </Filter>
    <Filter Include="Source Files\vulkan">
      <UniqueIdentifier>{f3bca87f-66dd-4abe-be87-013c24410358}</UniqueIdentifier>
    </Filter>
    <Filter Include="Header Files\scene">
      <UniqueIdentifier>{49339c00-61e3-4b20-bd61-a8fedcc45bfc}</UniqueIdentifier>
    </Filter>
    <Filter Include="Header Files\gui">
      <UniqueIdentifier>{1c5eb8d9-96f5-412c-9888-4e311768ebeb}</UniqueIdentifier>
    </Filter>
    <Filter Include="Source Files\scene">
      <UniqueIdentifier>{8f76adf0-54cd-49a3-81b3-ba07dca9ef80}</UniqueIdentifier>
    </Filter>
    <Filter Include="Source Files\gui">
      <UniqueIdentifier>{fbc7c9d2-3d67-4096-bc46-e15077e673f6}</UniqueIdentifier>
    </Filter>
    <Filter Include="third-party">
      <UniqueIdentifier>{1eed7f9a-cb7f-4e0f-a7bf-6677b6734631}</UniqueIdentifier>
    </Filter>
    <Filter Include="third-party\FastNoiseSIMD">
      <UniqueIdentifier>{e63cb4f6-d07a-4f0e-9b8f-66c10258c00e}</UniqueIdentifier>
    </Filter>
    <Filter Include="third-party\ImGui">
      <UniqueIdentifier>{641385be-4019-4f2a-90e8-aca5e7660023}</UniqueIdentifier>
    </Filter>
    <Filter Include="third-party\tinyobjloader">
      <UniqueIdentifier>{ac37a588-82dc-49d6-8d29-f2f56d5d2279}</UniqueIdentifier>
    </Filter>
    <Filter Include="third-party\stb_image">
      <UniqueIdentifier>{e1994d7f-92d3-435c-84ee-3672cd8d96f8}</UniqueIdentifier>
    </Filter>
    <Filter Include="Header Files\third-party">
      <UniqueIdentifier>{f4835d5a-fe55-4ecc-97ae-f1eedff9bc2f}</UniqueIdentifier>
    </Filter>
  </ItemGroup>
  <ItemGroup>
    <None Include="Shaders\compile.bat">
      <Filter>Shaders</Filter>
    </None>
    <None Include="Shaders\ui.frag">
      <Filter>Shaders</Filter>
    </None>
    <None Include="Shaders\ui.vert">
      <Filter>Shaders</Filter>
    </None>
    <None Include="Resources\Models\OakTree3.fbx">
      <Filter>Resources\Models</Filter>
    </None>
    <None Include="Shaders\water.vert">
      <Filter>Shaders</Filter>
    </None>
    <None Include="Shaders\water.frag">
      <Filter>Shaders</Filter>
    </None>
    <None Include="Shaders\skybox.vert">
      <Filter>Shaders</Filter>
    </None>
    <None Include="Shaders\skybox.frag">
      <Filter>Shaders</Filter>
    </None>
    <None Include="Shaders\terrain.frag">
      <Filter>Shaders</Filter>
    </None>
    <None Include="Shaders\terrain.vert">
      <Filter>Shaders</Filter>
    </None>
    <None Include="Shaders\water.vert.spv">
      <Filter>Shaders\spv files</Filter>
    </None>
    <None Include="Shaders\water.frag.spv">
      <Filter>Shaders\spv files</Filter>
    </None>
    <None Include="Shaders\ui.frag.spv">
      <Filter>Shaders\spv files</Filter>
    </None>
    <None Include="Shaders\skybox.vert.spv">
      <Filter>Shaders\spv files</Filter>
    </None>
    <None Include="Shaders\skybox.frag.spv">
      <Filter>Shaders\spv files</Filter>
    </None>
    <None Include="Shaders\terrain.vert.spv">
      <Filter>Shaders\spv files</Filter>
    </None>
    <None Include="Shaders\terrain.frag.spv">
      <Filter>Shaders\spv files</Filter>
    </None>
    <None Include="Shaders\ui.vert.spv">
      <Filter>Shaders\spv files</Filter>
    </None>
    <None Include="Shaders\gameObject_shader.frag">
      <Filter>Shaders</Filter>
    </None>
    <None Include="Shaders\gameObject_shader.vert">
      <Filter>Shaders</Filter>
    </None>
    <None Include="Shaders\gameObject_shader.frag.spv">
      <Filter>Shaders\spv files</Filter>
    </None>
    <None Include="Shaders\gameObject_shader.vert.spv">
      <Filter>Shaders\spv files</Filter>
    </None>
    <None Include="Shaders\instancedSceneObject.frag">
      <Filter>Shaders</Filter>
    </None>
    <None Include="Shaders\instancedSceneObject.frag.spv">
      <Filter>Shaders</Filter>
    </None>
    <None Include="Shaders\instancedSceneObject.vert">
      <Filter>Shaders</Filter>
    </None>
    <None Include="Shaders\instancedSceneObject.vert.spv">
      <Filter>Shaders</Filter>
    </None>
    <None Include="Shaders\normalVecDebug.frag">
      <Filter>Shaders</Filter>
    </None>
    <None Include="Shaders\normalVecDebug.frag.spv">
      <Filter>Shaders</Filter>
    </None>
    <None Include="Shaders\normalVecDebug.geom">
      <Filter>Shaders</Filter>
    </None>
    <None Include="Shaders\normalVecDebug.geom.spv">
      <Filter>Shaders</Filter>
    </None>
    <None Include="Shaders\normalVecDebug.vert">
      <Filter>Shaders</Filter>
    </None>
    <None Include="Shaders\normalVecDebug.vert.spv">
      <Filter>Shaders</Filter>
    </None>
    <None Include="Shaders\Seascape.frag">
      <Filter>Shaders</Filter>
    </None>
    <None Include="Shaders\Seascape.frag.spv">
      <Filter>Shaders</Filter>
    </None>
    <None Include="Shaders\Seascape.vert">
      <Filter>Shaders</Filter>
    </None>
    <None Include="Shaders\Seascape.vert.spv">
      <Filter>Shaders</Filter>
    </None>
  </ItemGroup>
  <ItemGroup>
    <ClCompile Include="src\vulkan\VulkanDevice.cpp">
      <Filter>Source Files\vulkan</Filter>
    </ClCompile>
    <ClCompile Include="src\vulkan\VulkanPipeline.cpp">
      <Filter>Source Files\vulkan</Filter>
    </ClCompile>
    <ClCompile Include="src\vulkan\VulkanTexture.cpp">
      <Filter>Source Files\vulkan</Filter>
    </ClCompile>
    <ClCompile Include="src\vulkan\VulkanTools.cpp">
      <Filter>Source Files\vulkan</Filter>
    </ClCompile>
    <ClCompile Include="src\core\Logger.cpp">
      <Filter>Source Files\core</Filter>
    </ClCompile>
    <ClCompile Include="src\core\MemoryPool.cpp">
      <Filter>Source Files\core</Filter>
    </ClCompile>
    <ClCompile Include="src\core\TimeManager.cpp">
      <Filter>Source Files\core</Filter>
    </ClCompile>
    <ClCompile Include="src\scene\Water.cpp">
      <Filter>Source Files\scene</Filter>
    </ClCompile>
    <ClCompile Include="src\scene\Terrain.cpp">
      <Filter>Source Files\scene</Filter>
    </ClCompile>
    <ClCompile Include="src\scene\TerrainManager.cpp">
      <Filter>Source Files\scene</Filter>
    </ClCompile>
    <ClCompile Include="src\scene\TerrainGenerator.cpp">
      <Filter>Source Files\scene</Filter>
    </ClCompile>
    <ClCompile Include="src\scene\Skybox.cpp">
      <Filter>Source Files\scene</Filter>
    </ClCompile>
    <ClCompile Include="src\scene\Scene.cpp">
      <Filter>Source Files\scene</Filter>
    </ClCompile>
    <ClCompile Include="src\scene\Camera.cpp">
      <Filter>Source Files\scene</Filter>
    </ClCompile>
    <ClCompile Include="src\scene\InstancedSceneObject.cpp">
      <Filter>Source Files\scene</Filter>
    </ClCompile>
    <ClCompile Include="src\core\Texture.cpp">
      <Filter>Source Files\core</Filter>
    </ClCompile>
    <ClCompile Include="src\core\main.cpp">
      <Filter>Source Files\core</Filter>
    </ClCompile>
    <ClCompile Include="src\core\Mesh.cpp">
      <Filter>Source Files\core</Filter>
    </ClCompile>
    <ClCompile Include="src\scene\GameObject.cpp">
      <Filter>Source Files\scene</Filter>
    </ClCompile>
    <ClCompile Include="src\gui\ImGuiImpl.cpp">
      <Filter>Source Files\gui</Filter>
    </ClCompile>
    <ClCompile Include="src\gui\NodeGraph.cpp">
      <Filter>Source Files\gui</Filter>
    </ClCompile>
    <ClCompile Include="src\gui\TerGenNodeGraph.cpp">
      <Filter>Source Files\gui</Filter>
    </ClCompile>
    <ClCompile Include="src\core\Window.cpp">
      <Filter>Source Files\core</Filter>
    </ClCompile>
    <ClCompile Include="src\vulkan\VulkanLargeBuffer.cpp">
      <Filter>Source Files\vulkan</Filter>
    </ClCompile>
    <ClCompile Include="src\core\Input.cpp">
      <Filter>Source Files\core</Filter>
    </ClCompile>
    <ClCompile Include="src\core\VulkanApp.cpp">
      <Filter>Source Files\core</Filter>
    </ClCompile>
    <ClCompile Include="src\third-party\FastNoiseSIMD\FastNoiseSIMD.cpp">
      <Filter>third-party\FastNoiseSIMD</Filter>
    </ClCompile>
    <ClCompile Include="src\third-party\FastNoiseSIMD\FastNoiseSIMD_avx2.cpp">
      <Filter>third-party\FastNoiseSIMD</Filter>
    </ClCompile>
    <ClCompile Include="src\third-party\FastNoiseSIMD\FastNoiseSIMD_avx512.cpp">
      <Filter>third-party\FastNoiseSIMD</Filter>
    </ClCompile>
    <ClCompile Include="src\third-party\FastNoiseSIMD\FastNoiseSIMD_internal.cpp">
      <Filter>third-party\FastNoiseSIMD</Filter>
    </ClCompile>
    <ClCompile Include="src\third-party\FastNoiseSIMD\FastNoiseSIMD_neon.cpp">
      <Filter>third-party\FastNoiseSIMD</Filter>
    </ClCompile>
    <ClCompile Include="src\third-party\FastNoiseSIMD\FastNoiseSIMD_sse2.cpp">
      <Filter>third-party\FastNoiseSIMD</Filter>
    </ClCompile>
    <ClCompile Include="src\third-party\FastNoiseSIMD\FastNoiseSIMD_sse41.cpp">
      <Filter>third-party\FastNoiseSIMD</Filter>
    </ClCompile>
    <ClCompile Include="src\third-party\ImGui\imgui.cpp">
      <Filter>third-party\ImGui</Filter>
    </ClCompile>
    <ClCompile Include="src\third-party\ImGui\imgui_demo.cpp">
      <Filter>third-party\ImGui</Filter>
    </ClCompile>
    <ClCompile Include="src\third-party\ImGui\imgui_draw.cpp">
      <Filter>third-party\ImGui</Filter>
    </ClCompile>
    <ClCompile Include="src\vulkan\VulkanSwapChain.cpp">
      <Filter>Source Files\vulkan</Filter>
    </ClCompile>
    <ClCompile Include="src\vulkan\VulkanShader.cpp">
      <Filter>Source Files\vulkan</Filter>
    </ClCompile>
    <ClCompile Include="src\vulkan\VulkanRenderer.cpp">
      <Filter>Source Files</Filter>
    </ClCompile>
    <ClCompile Include="src\core\Gradient.cpp">
      <Filter>Source Files</Filter>
    </ClCompile>
    <ClCompile Include="src\core\AssetManager.cpp">
      <Filter>Source Files</Filter>
    </ClCompile>
  </ItemGroup>
  <ItemGroup>
    <ClInclude Include="src\vulkan\VulkanBuffer.hpp">
      <Filter>Header Files\vulkan</Filter>
    </ClInclude>
    <ClInclude Include="src\vulkan\VulkanDevice.hpp">
      <Filter>Header Files\vulkan</Filter>
    </ClInclude>
    <ClInclude Include="src\vulkan\VulkanInitializers.hpp">
      <Filter>Header Files\vulkan</Filter>
    </ClInclude>
    <ClInclude Include="src\vulkan\VulkanModel.hpp">
      <Filter>Header Files\vulkan</Filter>
    </ClInclude>
    <ClInclude Include="src\vulkan\VulkanSwapChain.hpp">
      <Filter>Header Files\vulkan</Filter>
    </ClInclude>
    <ClInclude Include="src\vulkan\VulkanTexture.hpp">
      <Filter>Header Files\vulkan</Filter>
    </ClInclude>
    <ClInclude Include="src\vulkan\VulkanTools.h">
      <Filter>Header Files\vulkan</Filter>
    </ClInclude>
    <ClInclude Include="src\core\Logger.h">
      <Filter>Header Files\core</Filter>
    </ClInclude>
    <ClInclude Include="src\core\MemoryPool.h">
      <Filter>Header Files\core</Filter>
    </ClInclude>
    <ClInclude Include="src\core\TimeManager.h">
      <Filter>Header Files\core</Filter>
    </ClInclude>
    <ClInclude Include="src\scene\Camera.h">
      <Filter>Header Files\scene</Filter>
    </ClInclude>
    <ClInclude Include="src\gui\ImGuiImpl.h">
      <Filter>Header Files\gui</Filter>
    </ClInclude>
    <ClInclude Include="src\scene\InstancedSceneObject.h">
      <Filter>Header Files\scene</Filter>
    </ClInclude>
    <ClInclude Include="src\core\Mesh.h">
      <Filter>Header Files\core</Filter>
    </ClInclude>
    <ClInclude Include="src\scene\GameObject.h">
      <Filter>Header Files\scene</Filter>
    </ClInclude>
    <ClInclude Include="src\gui\NodeGraph.h">
      <Filter>Header Files\gui</Filter>
    </ClInclude>
    <ClInclude Include="src\scene\Water.h">
      <Filter>Header Files\scene</Filter>
    </ClInclude>
    <ClInclude Include="src\core\VulkanApp.h">
      <Filter>Header Files\core</Filter>
    </ClInclude>
    <ClInclude Include="src\core\Texture.h">
      <Filter>Header Files\core</Filter>
    </ClInclude>
    <ClInclude Include="src\scene\TerrainManager.h">
      <Filter>Header Files\scene</Filter>
    </ClInclude>
    <ClInclude Include="src\scene\Terrain.h">
      <Filter>Header Files\scene</Filter>
    </ClInclude>
    <ClInclude Include="src\scene\TerrainGenerator.h">
      <Filter>Header Files\scene</Filter>
    </ClInclude>
    <ClInclude Include="src\gui\TerGenNodeGraph.h">
      <Filter>Header Files\gui</Filter>
    </ClInclude>
    <ClInclude Include="src\scene\Skybox.h">
      <Filter>Header Files\scene</Filter>
    </ClInclude>
    <ClInclude Include="src\scene\Scene.h">
      <Filter>Header Files\scene</Filter>
    </ClInclude>
    <ClInclude Include="src\vulkan\VulkanPipeline.hpp">
      <Filter>Header Files\vulkan</Filter>
    </ClInclude>
    <ClInclude Include="src\core\Window.hpp">
      <Filter>Header Files\core</Filter>
    </ClInclude>
    <ClInclude Include="src\vulkan\VulkanLargeBuffer.h">
      <Filter>Header Files\vulkan</Filter>
    </ClInclude>
    <ClInclude Include="src\third-party\FastNoiseSIMD\FastNoiseSIMD.h">
      <Filter>third-party\FastNoiseSIMD</Filter>
    </ClInclude>
    <ClInclude Include="src\third-party\FastNoiseSIMD\FastNoiseSIMD_internal.h">
      <Filter>third-party\FastNoiseSIMD</Filter>
    </ClInclude>
    <ClInclude Include="src\third-party\ImGui\imconfig.h">
      <Filter>third-party\ImGui</Filter>
    </ClInclude>
    <ClInclude Include="src\third-party\ImGui\imgui.h">
      <Filter>third-party\ImGui</Filter>
    </ClInclude>
    <ClInclude Include="src\third-party\ImGui\imgui_internal.h">
      <Filter>third-party\ImGui</Filter>
    </ClInclude>
    <ClInclude Include="src\third-party\ImGui\stb_rect_pack.h">
      <Filter>third-party\ImGui</Filter>
    </ClInclude>
    <ClInclude Include="src\third-party\ImGui\stb_textedit.h">
      <Filter>third-party\ImGui</Filter>
    </ClInclude>
    <ClInclude Include="src\third-party\ImGui\stb_truetype.h">
      <Filter>third-party\ImGui</Filter>
    </ClInclude>
    <ClInclude Include="src\third-party\tinyobjloader\tiny_obj_loader.h">
      <Filter>third-party\tinyobjloader</Filter>
    </ClInclude>
    <ClInclude Include="src\core\Input.h">
      <Filter>Header Files\core</Filter>
    </ClInclude>
    <ClInclude Include="src\third-party\stb_image\stb_image.h">
      <Filter>third-party\stb_image</Filter>
    </ClInclude>
    <ClInclude Include="src\vulkan\VulkanShader.hpp">
      <Filter>Header Files\vulkan</Filter>
    </ClInclude>
    <ClInclude Include="src\third-party\glTF2-loader\glTF2.hpp">
      <Filter>Header Files\third-party</Filter>
    </ClInclude>
    <ClInclude Include="src\third-party\json\json.hpp">
      <Filter>Header Files\third-party</Filter>
    </ClInclude>
    <ClInclude Include="src\third-party\stb_image\stb_image_resize.h">
      <Filter>Header Files\third-party</Filter>
    </ClInclude>
    <ClInclude Include="src\third-party\VulkanMemoryAllocator\vk_mem_alloc.h">
      <Filter>Header Files\third-party</Filter>
    </ClInclude>
    <ClInclude Include="src\third-party\stb_image\stb_image_write.h">
      <Filter>Header Files\third-party</Filter>
    </ClInclude>
    <ClInclude Include="src\vulkan\VulkanRenderer.hpp">
      <Filter>Header Files\vulkan</Filter>
    </ClInclude>
    <ClInclude Include="src\core\Gradient.h">
      <Filter>Header Files</Filter>
    </ClInclude>
    <ClInclude Include="src\core\AssetManager.h">
      <Filter>Header Files\scene</Filter>
    </ClInclude>
  </ItemGroup>
  <ItemGroup>
    <Image Include="Resources\Textures\texture.jpg">
      <Filter>Resources\Textures</Filter>
    </Image>
    <Image Include="Resources\Textures\ColorGradientCube.png">
      <Filter>Resources\Textures</Filter>
    </Image>
    <Image Include="Resources\Textures\grass.jpg">
      <Filter>Resources\Textures</Filter>
    </Image>
    <Image Include="Resources\Textures\lowPolyGrass.png">
      <Filter>Resources\Textures</Filter>
    </Image>
    <Image Include="Resources\Textures\lowPolyScatter.png">
      <Filter>Resources\Textures</Filter>
    </Image>
    <Image Include="Resources\Textures\TileableWaterTexture.jpg">
      <Filter>Resources\Textures</Filter>
    </Image>
    <Image Include="Resources\Textures\Skybox\Skybox2Top.png">
      <Filter>Resources\Textures\Skybox</Filter>
    </Image>
    <Image Include="Resources\Textures\Skybox\Skybox2Back.png">
      <Filter>Resources\Textures\Skybox</Filter>
    </Image>
    <Image Include="Resources\Textures\Skybox\Skybox2Bottom.png">
      <Filter>Resources\Textures\Skybox</Filter>
    </Image>
    <Image Include="Resources\Textures\Skybox\Skybox2Front.png">
      <Filter>Resources\Textures\Skybox</Filter>
    </Image>
    <Image Include="Resources\Textures\Skybox\Skybox2Left.png">
      <Filter>Resources\Textures\Skybox</Filter>
    </Image>
    <Image Include="Resources\Textures\Skybox\Skybox2Right.png">
      <Filter>Resources\Textures\Skybox</Filter>
    </Image>
    <Image Include="Resources\Textures\Skybox\smallSkyboxBack.png">
      <Filter>Resources\Textures\Skybox</Filter>
    </Image>
    <Image Include="Resources\Textures\Skybox\smallSkyboxBottom.png">
      <Filter>Resources\Textures\Skybox</Filter>
    </Image>
    <Image Include="Resources\Textures\Skybox\smallSkyboxFront.png">
      <Filter>Resources\Textures\Skybox</Filter>
    </Image>
    <Image Include="Resources\Textures\Skybox\smallSkyboxLeft.png">
      <Filter>Resources\Textures\Skybox</Filter>
    </Image>
    <Image Include="Resources\Textures\Skybox\smallSkyboxRight.png">
      <Filter>Resources\Textures\Skybox</Filter>
    </Image>
    <Image Include="Resources\Textures\Skybox\smallSkyboxTop.png">
      <Filter>Resources\Textures\Skybox</Filter>
    </Image>
    <Image Include="Resources\Textures\TerrainLowPolyTextures\DeadOakTreeTrunk.png">
      <Filter>Resources\Textures\LowPolyTerrainTextures</Filter>
    </Image>
    <Image Include="Resources\Textures\TerrainLowPolyTextures\DeadSpruceTreeTrunk.png">
      <Filter>Resources\Textures\LowPolyTerrainTextures</Filter>
    </Image>
    <Image Include="Resources\Textures\TerrainLowPolyTextures\OakTreeLeaf.png">
      <Filter>Resources\Textures\LowPolyTerrainTextures</Filter>
    </Image>
    <Image Include="Resources\Textures\TerrainLowPolyTextures\OakTreeTrunk.png">
      <Filter>Resources\Textures\LowPolyTerrainTextures</Filter>
    </Image>
    <Image Include="Resources\Textures\TerrainLowPolyTextures\Rock.png">
      <Filter>Resources\Textures\LowPolyTerrainTextures</Filter>
    </Image>
    <Image Include="Resources\Textures\TerrainLowPolyTextures\Sand.png">
      <Filter>Resources\Textures\LowPolyTerrainTextures</Filter>
    </Image>
    <Image Include="Resources\Textures\TerrainLowPolyTextures\Snow.png">
      <Filter>Resources\Textures\LowPolyTerrainTextures</Filter>
    </Image>
    <Image Include="Resources\Textures\TerrainLowPolyTextures\SpruceTreeLeaf.png">
      <Filter>Resources\Textures\LowPolyTerrainTextures</Filter>
    </Image>
    <Image Include="Resources\Textures\TerrainLowPolyTextures\SpruceTreeTrunk.png">
      <Filter>Resources\Textures\LowPolyTerrainTextures</Filter>
    </Image>
    <Image Include="Resources\Textures\TerrainTextures\dirt.jpg">
      <Filter>Resources\Textures\TerrainTextures</Filter>
    </Image>
    <Image Include="Resources\Textures\TerrainTextures\grass.jpg">
      <Filter>Resources\Textures\TerrainTextures</Filter>
    </Image>
    <Image Include="Resources\Textures\TerrainTextures\rockSmall.jpg">
      <Filter>Resources\Textures\TerrainTextures</Filter>
    </Image>
    <Image Include="Resources\Textures\TerrainTextures\Sand.png">
      <Filter>Resources\Textures\TerrainTextures</Filter>
    </Image>
    <Image Include="Resources\Textures\TerrainTextures\Snow.jpg">
      <Filter>Resources\Textures\TerrainTextures</Filter>
    </Image>
    <Image Include="Resources\Textures\maillerFace.png">
      <Filter>Shaders</Filter>
    </Image>
  </ItemGroup>
</Project>