<?xml version="1.0" encoding="utf-8"?>
<Project ToolsVersion="4.0" xmlns="http://schemas.microsoft.com/developer/msbuild/2003">
  <ItemGroup>
    <Filter Include="Source Files">
      <UniqueIdentifier>{4FC737F1-C7A5-4376-A066-2A32D752A2FF}</UniqueIdentifier>
      <Extensions>cpp;c;cc;cxx;def;odl;idl;hpj;bat;asm;asmx</Extensions>
    </Filter>
    <Filter Include="Header Files">
      <UniqueIdentifier>{93995380-89BD-4b04-88EB-625FBE52EBFB}</UniqueIdentifier>
      <Extensions>h;hh;hpp;hxx;hm;inl;inc;xsd</Extensions>
    </Filter>
    <Filter Include="Resource Files">
      <UniqueIdentifier>{67DA6AB6-F800-4c08-8B7A-83BB121AAD01}</UniqueIdentifier>
      <Extensions>rc;ico;cur;bmp;dlg;rc2;rct;bin;rgs;gif;jpg;jpeg;jpe;resx;tiff;tif;png;wav;mfcribbon-ms</Extensions>
    </Filter>
    <Filter Include="imgui">
      <UniqueIdentifier>{10e4df4b-40f2-44ca-a0b0-7bf64498c7df}</UniqueIdentifier>
    </Filter>
  </ItemGroup>
  <ItemGroup>
    <Image Include="Resources\Textures\texture.jpg">
      <Filter>Resource Files</Filter>
    </Image>
  </ItemGroup>
  <ItemGroup>
    <None Include="Shaders\frag.spv">
      <Filter>Resource Files</Filter>
    </None>
    <None Include="Shaders\shader.frag">
      <Filter>Resource Files</Filter>
    </None>
    <None Include="Shaders\shader.vert">
      <Filter>Resource Files</Filter>
    </None>
    <None Include="Shaders\vert.spv">
      <Filter>Resource Files</Filter>
    </None>
    <None Include="Shaders\compile.bat">
      <Filter>Resource Files</Filter>
    </None>
    <None Include="Shaders\ui.frag" />
    <None Include="Shaders\ui.frag.spv" />
    <None Include="Shaders\ui.vert" />
    <None Include="Shaders\ui.vert.spv" />
    <None Include="Shaders\shader.frag.spv" />
    <None Include="Shaders\shader.vert.spv" />
  </ItemGroup>
  <ItemGroup>
    <ClCompile Include="main.cpp">
      <Filter>Source Files</Filter>
    </ClCompile>
    <ClCompile Include="Window.cpp">
      <Filter>Source Files</Filter>
    </ClCompile>
    <ClCompile Include="Mesh.cpp">
      <Filter>Source Files</Filter>
    </ClCompile>
    <ClCompile Include="Camera.cpp">
      <Filter>Source Files</Filter>
    </ClCompile>
    <ClCompile Include="VulkanApp.cpp">
      <Filter>Source Files</Filter>
    </ClCompile>
    <ClCompile Include="VulkanTools.cpp">
      <Filter>Header Files</Filter>
    </ClCompile>
    <ClCompile Include="imgui\imgui.cpp">
      <Filter>imgui</Filter>
    </ClCompile>
    <ClCompile Include="imgui\imgui_demo.cpp">
      <Filter>imgui</Filter>
    </ClCompile>
    <ClCompile Include="imgui\imgui_draw.cpp">
      <Filter>imgui</Filter>
    </ClCompile>
  </ItemGroup>
  <ItemGroup>
    <ClInclude Include="VulkanApp.h">
      <Filter>Header Files</Filter>
    </ClInclude>
    <ClInclude Include="Mesh.h">
      <Filter>Header Files</Filter>
    </ClInclude>
    <ClInclude Include="Camera.h">
      <Filter>Header Files</Filter>
    </ClInclude>
    <ClInclude Include="Window.hpp">
      <Filter>Header Files</Filter>
    </ClInclude>
    <ClInclude Include="VulkanDevice.hpp">
      <Filter>Header Files</Filter>
    </ClInclude>
    <ClInclude Include="VulkanBuffer.hpp">
      <Filter>Header Files</Filter>
    </ClInclude>
    <ClInclude Include="VulkanInitializers.hpp">
      <Filter>Header Files</Filter>
    </ClInclude>
    <ClInclude Include="VulkanSwapChain.hpp">
      <Filter>Header Files</Filter>
    </ClInclude>
    <ClInclude Include="VulkanModel.hpp">
      <Filter>Header Files</Filter>
    </ClInclude>
    <ClInclude Include="VulkanTools.h">
      <Filter>Header Files</Filter>
    </ClInclude>
    <ClInclude Include="VulkanTexture.hpp">
      <Filter>Header Files</Filter>
    </ClInclude>
    <ClInclude Include="ImGui.hpp">
      <Filter>Header Files</Filter>
    </ClInclude>
    <ClInclude Include="imgui\imconfig.h">
      <Filter>imgui</Filter>
    </ClInclude>
    <ClInclude Include="imgui\imgui.h">
      <Filter>imgui</Filter>
    </ClInclude>
    <ClInclude Include="imgui\imgui_internal.h">
      <Filter>imgui</Filter>
    </ClInclude>
    <ClInclude Include="imgui\stb_rect_pack.h">
      <Filter>imgui</Filter>
    </ClInclude>
    <ClInclude Include="imgui\stb_textedit.h">
      <Filter>imgui</Filter>
    </ClInclude>
    <ClInclude Include="imgui\stb_truetype.h">
      <Filter>imgui</Filter>
    </ClInclude>
  </ItemGroup>
</Project>