<?xml version="1.0" encoding="utf-8"?>
<Project ToolsVersion="4.0" xmlns="http://schemas.microsoft.com/developer/msbuild/2003">
  <ItemGroup>
    <Filter Include="Source Files">
      <UniqueIdentifier>{4FC737F1-C7A5-4376-A066-2A32D752A2FF}</UniqueIdentifier>
      <Extensions>cpp;c;cc;cxx;def;odl;idl;hpj;bat;asm;asmx</Extensions>
    </Filter>
    <Filter Include="Header Files">
      <UniqueIdentifier>{93995380-89BD-4b04-88EB-625FBE52EBFB}</UniqueIdentifier>
      <Extensions>h;hh;hpp;hxx;hm;inl;inc;xsd</Extensions>
    </Filter>
    <Filter Include="Shaders">
      <UniqueIdentifier>{67DA6AB6-F800-4c08-8B7A-83BB121AAD01}</UniqueIdentifier>
      <Extensions>rc;ico;cur;bmp;dlg;rc2;rct;bin;rgs;gif;jpg;jpeg;jpe;resx;tiff;tif;png;wav;mfcribbon-ms</Extensions>
    </Filter>
    <Filter Include="Resources">
      <UniqueIdentifier>{7ad50738-0a7d-463f-b317-22bad91b9701}</UniqueIdentifier>
    </Filter>
    <Filter Include="Resources\Textures">
      <UniqueIdentifier>{0935a938-0548-424b-94f1-62bad411e9cf}</UniqueIdentifier>
    </Filter>
    <Filter Include="Resources\Models">
      <UniqueIdentifier>{82858753-22ce-4116-a0d9-4f3550fceba8}</UniqueIdentifier>
    </Filter>
    <Filter Include="Shaders\spv files">
      <UniqueIdentifier>{f9e08f1a-04a1-4f34-a089-3389f8205353}</UniqueIdentifier>
    </Filter>
    <Filter Include="Resources\Textures\Skybox">
      <UniqueIdentifier>{80e135f9-130b-4689-bbbb-aa23ae0dc389}</UniqueIdentifier>
    </Filter>
    <Filter Include="Resources\Textures\LowPolyTerrainTextures">
      <UniqueIdentifier>{30f86005-b5bd-436f-91db-34e06ece7af2}</UniqueIdentifier>
    </Filter>
    <Filter Include="Resources\Textures\TerrainTextures">
      <UniqueIdentifier>{2f5a66ee-30eb-4036-802e-defcdc3efe83}</UniqueIdentifier>
    </Filter>
    <Filter Include="ImGui">
      <UniqueIdentifier>{641385be-4019-4f2a-90e8-aca5e7660023}</UniqueIdentifier>
    </Filter>
    <Filter Include="FastNoiseSIMD">
      <UniqueIdentifier>{e63cb4f6-d07a-4f0e-9b8f-66c10258c00e}</UniqueIdentifier>
    </Filter>
  </ItemGroup>
  <ItemGroup>
    <None Include="Shaders\compile.bat">
      <Filter>Shaders</Filter>
    </None>
    <None Include="Shaders\ui.frag">
      <Filter>Shaders</Filter>
    </None>
    <None Include="Shaders\ui.vert">
      <Filter>Shaders</Filter>
    </None>
    <None Include="Resources\Models\OakTree3.fbx">
      <Filter>Resources\Models</Filter>
    </None>
    <None Include="Shaders\water.vert">
      <Filter>Shaders</Filter>
    </None>
    <None Include="Shaders\water.frag">
      <Filter>Shaders</Filter>
    </None>
    <None Include="Shaders\skybox.vert">
      <Filter>Shaders</Filter>
    </None>
    <None Include="Shaders\skybox.frag">
      <Filter>Shaders</Filter>
    </None>
    <None Include="Shaders\terrain.frag">
      <Filter>Shaders</Filter>
    </None>
    <None Include="Shaders\terrain.vert">
      <Filter>Shaders</Filter>
    </None>
    <None Include="Shaders\water.vert.spv">
      <Filter>Shaders\spv files</Filter>
    </None>
    <None Include="Shaders\water.frag.spv">
      <Filter>Shaders\spv files</Filter>
    </None>
    <None Include="Shaders\ui.frag.spv">
      <Filter>Shaders\spv files</Filter>
    </None>
    <None Include="Shaders\skybox.vert.spv">
      <Filter>Shaders\spv files</Filter>
    </None>
    <None Include="Shaders\skybox.frag.spv">
      <Filter>Shaders\spv files</Filter>
    </None>
    <None Include="Shaders\terrain.vert.spv">
      <Filter>Shaders\spv files</Filter>
    </None>
    <None Include="Shaders\terrain.frag.spv">
      <Filter>Shaders\spv files</Filter>
    </None>
    <None Include="Shaders\ui.vert.spv">
      <Filter>Shaders\spv files</Filter>
    </None>
    <None Include="Shaders\gameObject_shader.frag">
      <Filter>Shaders</Filter>
    </None>
    <None Include="Shaders\gameObject_shader.vert">
      <Filter>Shaders</Filter>
    </None>
    <None Include="Shaders\gameObject_shader.frag.spv">
      <Filter>Shaders\spv files</Filter>
    </None>
    <None Include="Shaders\gameObject_shader.vert.spv">
      <Filter>Shaders\spv files</Filter>
    </None>
    <None Include="Shaders\normalVecDebug.vert" />
    <None Include="Shaders\normalVecDebug.frag" />
    <None Include="Shaders\normalVecDebug.geom" />
    <None Include="Shaders\normalVecDebug.frag.spv" />
    <None Include="Shaders\normalVecDebug.geom.spv" />
    <None Include="Shaders\normalVecDebug.vert.spv" />
    <None Include="Shaders\instancedSceneObject.vert" />
    <None Include="Shaders\instancedSceneObject.frag" />
    <None Include="Shaders\instancedSceneObject.frag.spv" />
    <None Include="Shaders\instancedSceneObject.vert.spv" />
  </ItemGroup>
  <ItemGroup>
    <ClCompile Include="main.cpp">
      <Filter>Source Files</Filter>
    </ClCompile>
    <ClCompile Include="Window.cpp">
      <Filter>Source Files</Filter>
    </ClCompile>
    <ClCompile Include="Mesh.cpp">
      <Filter>Source Files</Filter>
    </ClCompile>
    <ClCompile Include="Camera.cpp">
      <Filter>Source Files</Filter>
    </ClCompile>
    <ClCompile Include="VulkanApp.cpp">
      <Filter>Source Files</Filter>
    </ClCompile>
    <ClCompile Include="noiseutils.cpp">
      <Filter>Source Files</Filter>
    </ClCompile>
    <ClCompile Include="Skybox.cpp">
      <Filter>Source Files</Filter>
    </ClCompile>
    <ClCompile Include="VulkanDevice.cpp">
      <Filter>Source Files</Filter>
    </ClCompile>
    <ClCompile Include="VulkanTools.cpp">
      <Filter>Source Files</Filter>
    </ClCompile>
    <ClCompile Include="VulkanTexture.cpp">
      <Filter>Source Files</Filter>
    </ClCompile>
    <ClCompile Include="Texture.cpp">
      <Filter>Source Files</Filter>
    </ClCompile>
    <ClCompile Include="GameObject.cpp">
      <Filter>Source Files</Filter>
    </ClCompile>
    <ClCompile Include="Terrain.cpp">
      <Filter>Source Files</Filter>
    </ClCompile>
    <ClCompile Include="Water.cpp">
      <Filter>Source Files</Filter>
    </ClCompile>
    <ClCompile Include="MemoryPool.cpp">
      <Filter>Source Files</Filter>
    </ClCompile>
    <ClCompile Include="TerrainGenerator.cpp">
      <Filter>Source Files</Filter>
    </ClCompile>
    <ClCompile Include="ImGuiImpl.cpp">
      <Filter>Source Files</Filter>
    </ClCompile>
    <ClCompile Include="ImGui\imgui_demo.cpp">
      <Filter>ImGui</Filter>
    </ClCompile>
    <ClCompile Include="ImGui\imgui.cpp">
      <Filter>ImGui</Filter>
    </ClCompile>
    <ClCompile Include="ImGui\imgui_draw.cpp">
      <Filter>ImGui</Filter>
    </ClCompile>
    <ClCompile Include="NodeGraph.cpp">
      <Filter>Source Files</Filter>
    </ClCompile>
    <ClCompile Include="Logger.cpp">
      <Filter>Source Files</Filter>
    </ClCompile>
    <ClCompile Include="TimeManager.cpp">
      <Filter>Source Files</Filter>
    </ClCompile>
    <ClCompile Include="Scene.cpp">
      <Filter>Source Files</Filter>
    </ClCompile>
    <ClCompile Include="TerrainManager.cpp">
      <Filter>Source Files</Filter>
    </ClCompile>
    <ClCompile Include="VulkanPipeline.cpp">
      <Filter>Source Files</Filter>
    </ClCompile>
    <ClCompile Include="FastNoiseSIMD\FastNoiseSIMD.cpp">
      <Filter>Source Files</Filter>
    </ClCompile>
    <ClCompile Include="FastNoiseSIMD\FastNoiseSIMD_avx2.cpp">
      <Filter>Source Files</Filter>
    </ClCompile>
    <ClCompile Include="FastNoiseSIMD\FastNoiseSIMD_avx512.cpp">
      <Filter>Source Files</Filter>
    </ClCompile>
    <ClCompile Include="FastNoiseSIMD\FastNoiseSIMD_internal.cpp">
      <Filter>Source Files</Filter>
    </ClCompile>
    <ClCompile Include="FastNoiseSIMD\FastNoiseSIMD_neon.cpp">
      <Filter>Source Files</Filter>
    </ClCompile>
    <ClCompile Include="FastNoiseSIMD\FastNoiseSIMD_sse2.cpp">
      <Filter>Source Files</Filter>
    </ClCompile>
    <ClCompile Include="FastNoiseSIMD\FastNoiseSIMD_sse41.cpp">
      <Filter>Source Files</Filter>
    </ClCompile>
    <ClCompile Include="InstancedSceneObject.cpp">
      <Filter>Source Files</Filter>
    </ClCompile>
  </ItemGroup>
  <ItemGroup>
    <ClInclude Include="VulkanApp.h">
      <Filter>Header Files</Filter>
    </ClInclude>
    <ClInclude Include="Mesh.h">
      <Filter>Header Files</Filter>
    </ClInclude>
    <ClInclude Include="Camera.h">
      <Filter>Header Files</Filter>
    </ClInclude>
    <ClInclude Include="Window.hpp">
      <Filter>Header Files</Filter>
    </ClInclude>
    <ClInclude Include="VulkanBuffer.hpp">
      <Filter>Header Files</Filter>
    </ClInclude>
    <ClInclude Include="VulkanInitializers.hpp">
      <Filter>Header Files</Filter>
    </ClInclude>
    <ClInclude Include="VulkanSwapChain.hpp">
      <Filter>Header Files</Filter>
    </ClInclude>
    <ClInclude Include="VulkanModel.hpp">
      <Filter>Header Files</Filter>
    </ClInclude>
    <ClInclude Include="VulkanTools.h">
      <Filter>Header Files</Filter>
    </ClInclude>
    <ClInclude Include="VulkanTexture.hpp">
      <Filter>Header Files</Filter>
    </ClInclude>
    <ClInclude Include="ImGuiImpl.h">
      <Filter>Header Files</Filter>
    </ClInclude>
    <ClInclude Include="noiseutils.h">
      <Filter>Header Files</Filter>
    </ClInclude>
    <ClInclude Include="Terrain.h">
      <Filter>Header Files</Filter>
    </ClInclude>
    <ClInclude Include="Texture.h">
      <Filter>Header Files</Filter>
    </ClInclude>
    <ClInclude Include="Skybox.h">
      <Filter>Header Files</Filter>
    </ClInclude>
    <ClInclude Include="VulkanDevice.hpp">
      <Filter>Header Files</Filter>
    </ClInclude>
    <ClInclude Include="GameObject.h">
      <Filter>Header Files</Filter>
    </ClInclude>
    <ClInclude Include="Water.h">
      <Filter>Header Files</Filter>
    </ClInclude>
    <ClInclude Include="MemoryPool.h">
      <Filter>Header Files</Filter>
    </ClInclude>
    <ClInclude Include="TerrainGenerator.h">
      <Filter>Header Files</Filter>
    </ClInclude>
    <ClInclude Include="ImGui\imgui.h">
      <Filter>ImGui</Filter>
    </ClInclude>
    <ClInclude Include="ImGui\imgui_internal.h">
      <Filter>ImGui</Filter>
    </ClInclude>
    <ClInclude Include="ImGui\imconfig.h">
      <Filter>ImGui</Filter>
    </ClInclude>
    <ClInclude Include="ImGui\stb_rect_pack.h">
      <Filter>ImGui</Filter>
    </ClInclude>
    <ClInclude Include="ImGui\stb_truetype.h">
      <Filter>ImGui</Filter>
    </ClInclude>
    <ClInclude Include="ImGui\stb_textedit.h">
      <Filter>ImGui</Filter>
    </ClInclude>
    <ClInclude Include="NodeGraph.h">
      <Filter>Header Files</Filter>
    </ClInclude>
    <ClInclude Include="Logger.h">
      <Filter>Header Files</Filter>
    </ClInclude>
    <ClInclude Include="TimeManager.h">
      <Filter>Header Files</Filter>
    </ClInclude>
    <ClInclude Include="Scene.h">
      <Filter>Header Files</Filter>
    </ClInclude>
    <ClInclude Include="TerrainManager.h">
      <Filter>Header Files</Filter>
    </ClInclude>
    <ClInclude Include="VulkanPipeline.h">
      <Filter>Header Files</Filter>
    </ClInclude>
    <ClInclude Include="FastNoiseSIMD\FastNoiseSIMD.h">
      <Filter>Header Files</Filter>
    </ClInclude>
    <ClInclude Include="FastNoiseSIMD\FastNoiseSIMD_internal.h">
      <Filter>Header Files</Filter>
    </ClInclude>
    <ClInclude Include="InstancedSceneObject.h">
      <Filter>Header Files</Filter>
    </ClInclude>
  </ItemGroup>
  <ItemGroup>
    <Image Include="Resources\Textures\texture.jpg">
      <Filter>Resources\Textures</Filter>
    </Image>
    <Image Include="Resources\Textures\ColorGradientCube.png">
      <Filter>Resources\Textures</Filter>
    </Image>
    <Image Include="Resources\Textures\grass.jpg">
      <Filter>Resources\Textures</Filter>
    </Image>
    <Image Include="Resources\Textures\lowPolyGrass.png">
      <Filter>Resources\Textures</Filter>
    </Image>
    <Image Include="Resources\Textures\lowPolyScatter.png">
      <Filter>Resources\Textures</Filter>
    </Image>
    <Image Include="Resources\Textures\TileableWaterTexture.jpg">
      <Filter>Resources\Textures</Filter>
    </Image>
    <Image Include="Resources\Textures\Skybox\Skybox2Top.png">
      <Filter>Resources\Textures\Skybox</Filter>
    </Image>
    <Image Include="Resources\Textures\Skybox\Skybox2Back.png">
      <Filter>Resources\Textures\Skybox</Filter>
    </Image>
    <Image Include="Resources\Textures\Skybox\Skybox2Bottom.png">
      <Filter>Resources\Textures\Skybox</Filter>
    </Image>
    <Image Include="Resources\Textures\Skybox\Skybox2Front.png">
      <Filter>Resources\Textures\Skybox</Filter>
    </Image>
    <Image Include="Resources\Textures\Skybox\Skybox2Left.png">
      <Filter>Resources\Textures\Skybox</Filter>
    </Image>
    <Image Include="Resources\Textures\Skybox\Skybox2Right.png">
      <Filter>Resources\Textures\Skybox</Filter>
    </Image>
    <Image Include="Resources\Textures\Skybox\smallSkyboxBack.png">
      <Filter>Resources\Textures\Skybox</Filter>
    </Image>
    <Image Include="Resources\Textures\Skybox\smallSkyboxBottom.png">
      <Filter>Resources\Textures\Skybox</Filter>
    </Image>
    <Image Include="Resources\Textures\Skybox\smallSkyboxFront.png">
      <Filter>Resources\Textures\Skybox</Filter>
    </Image>
    <Image Include="Resources\Textures\Skybox\smallSkyboxLeft.png">
      <Filter>Resources\Textures\Skybox</Filter>
    </Image>
    <Image Include="Resources\Textures\Skybox\smallSkyboxRight.png">
      <Filter>Resources\Textures\Skybox</Filter>
    </Image>
    <Image Include="Resources\Textures\Skybox\smallSkyboxTop.png">
      <Filter>Resources\Textures\Skybox</Filter>
    </Image>
    <Image Include="Resources\Textures\TerrainLowPolyTextures\DeadOakTreeTrunk.png">
      <Filter>Resources\Textures\LowPolyTerrainTextures</Filter>
    </Image>
    <Image Include="Resources\Textures\TerrainLowPolyTextures\DeadSpruceTreeTrunk.png">
      <Filter>Resources\Textures\LowPolyTerrainTextures</Filter>
    </Image>
    <Image Include="Resources\Textures\TerrainLowPolyTextures\OakTreeLeaf.png">
      <Filter>Resources\Textures\LowPolyTerrainTextures</Filter>
    </Image>
    <Image Include="Resources\Textures\TerrainLowPolyTextures\OakTreeTrunk.png">
      <Filter>Resources\Textures\LowPolyTerrainTextures</Filter>
    </Image>
    <Image Include="Resources\Textures\TerrainLowPolyTextures\Rock.png">
      <Filter>Resources\Textures\LowPolyTerrainTextures</Filter>
    </Image>
    <Image Include="Resources\Textures\TerrainLowPolyTextures\Sand.png">
      <Filter>Resources\Textures\LowPolyTerrainTextures</Filter>
    </Image>
    <Image Include="Resources\Textures\TerrainLowPolyTextures\Snow.png">
      <Filter>Resources\Textures\LowPolyTerrainTextures</Filter>
    </Image>
    <Image Include="Resources\Textures\TerrainLowPolyTextures\SpruceTreeLeaf.png">
      <Filter>Resources\Textures\LowPolyTerrainTextures</Filter>
    </Image>
    <Image Include="Resources\Textures\TerrainLowPolyTextures\SpruceTreeTrunk.png">
      <Filter>Resources\Textures\LowPolyTerrainTextures</Filter>
    </Image>
    <Image Include="Resources\Textures\TerrainTextures\dirt.jpg">
      <Filter>Resources\Textures\TerrainTextures</Filter>
    </Image>
    <Image Include="Resources\Textures\TerrainTextures\grass.jpg">
      <Filter>Resources\Textures\TerrainTextures</Filter>
    </Image>
    <Image Include="Resources\Textures\TerrainTextures\rockSmall.jpg">
      <Filter>Resources\Textures\TerrainTextures</Filter>
    </Image>
    <Image Include="Resources\Textures\TerrainTextures\Sand.png">
      <Filter>Resources\Textures\TerrainTextures</Filter>
    </Image>
    <Image Include="Resources\Textures\TerrainTextures\Snow.jpg">
      <Filter>Resources\Textures\TerrainTextures</Filter>
    </Image>
  </ItemGroup>
</Project>